<?xml version="1.0" encoding="utf-8"?>
<Project ToolsVersion="4.0" xmlns="http://schemas.microsoft.com/developer/msbuild/2003">
  <ItemGroup>
    <ClCompile Include="entry.cpp" />
    <ClCompile Include="utils\utils.cpp" />
    <ClCompile Include="communication\communication.cpp" />
    <ClCompile Include="memory\memory.cpp" />
  </ItemGroup>
  <ItemGroup>
    <ClInclude Include="utils\stdint\stdint.hpp" />
    <ClInclude Include="stdafx\stdafx.hpp" />
    <ClInclude Include="utils\kernel\kernel.hpp" />
    <ClInclude Include="utils\utils.hpp" />
    <ClInclude Include="operation\operation.hpp" />
    <ClInclude Include="communication\communication.hpp" />
    <ClInclude Include="memory\memory.hpp" />
  </ItemGroup>
</Project>